
Microsoft Visual Studio Solution File, Format Version 12.00
# Visual Studio Version 16
VisualStudioVersion = 16.0.29519.181
MinimumVisualStudioVersion = 10.0.40219.1
Project("{FAE04EC0-301F-11D3-BF4B-00C04F79EFBC}") = "SistemaProfessoresAlunos", "SistemaProfessoresAlunos.csproj", "{201F69E6-AC98-415D-9125-B52B2E7F7854}"
EndProject
Global
	GlobalSection(SolutionConfigurationPlatforms) = preSolution
		Debug|Any CPU = Debug|Any CPU
		Release|Any CPU = Release|Any CPU
	EndGlobalSection
	GlobalSection(ProjectConfigurationPlatforms) = postSolution
		{201F69E6-AC98-415D-9125-B52B2E7F7854}.Debug|Any CPU.ActiveCfg = Debug|Any CPU
		{201F69E6-AC98-415D-9125-B52B2E7F7854}.Debug|Any CPU.Build.0 = Debug|Any CPU
		{201F69E6-AC98-415D-9125-B52B2E7F7854}.Release|Any CPU.ActiveCfg = Release|Any CPU
		{201F69E6-AC98-415D-9125-B52B2E7F7854}.Release|Any CPU.Build.0 = Release|Any CPU
	EndGlobalSection
	GlobalSection(SolutionProperties) = preSolution
		HideSolutionNode = FALSE
	EndGlobalSection
	GlobalSection(ExtensibilityGlobals) = postSolution
		SolutionGuid = {40707612-1D87-42B3-8AB3-F8E48AB225FB}
	EndGlobalSection
EndGlobal
